
Microsoft Visual Studio Solution File, Format Version 12.00
# Visual Studio Version 17
VisualStudioVersion = 17.14.36414.22 d17.14
MinimumVisualStudioVersion = 10.0.40219.1
Project("{FAE04EC0-301F-11D3-BF4B-00C04F79EFBC}") = "Pathfinding", "Pathfinding.csproj", "{607B8F22-1638-4520-A275-724656F35BF0}"
EndProject
Global
	GlobalSection(SolutionConfigurationPlatforms) = preSolution
		Debug|Any CPU = Debug|Any CPU
		Release|Any CPU = Release|Any CPU
	EndGlobalSection
	GlobalSection(ProjectConfigurationPlatforms) = postSolution
		{607B8F22-1638-4520-A275-724656F35BF0}.Debug|Any CPU.ActiveCfg = Debug|Any CPU
		{607B8F22-1638-4520-A275-724656F35BF0}.Debug|Any CPU.Build.0 = Debug|Any CPU
		{607B8F22-1638-4520-A275-724656F35BF0}.Release|Any CPU.ActiveCfg = Release|Any CPU
		{607B8F22-1638-4520-A275-724656F35BF0}.Release|Any CPU.Build.0 = Release|Any CPU
	EndGlobalSection
	GlobalSection(SolutionProperties) = preSolution
		HideSolutionNode = FALSE
	EndGlobalSection
	GlobalSection(ExtensibilityGlobals) = postSolution
		SolutionGuid = {FE3D5DD0-A6E2-4C5A-A513-862512F6D60D}
	EndGlobalSection
EndGlobal
